
Microsoft Visual Studio Solution File, Format Version 12.00
# Visual Studio Version 17
VisualStudioVersion = 17.9.34714.143
MinimumVisualStudioVersion = 10.0.40219.1
Project("{9A19103F-16F7-4668-BE54-9A1E7A4F7556}") = "SharedLibrary", "SharedLibrary\SharedLibrary.csproj", "{15BDF531-73DD-4B9F-B214-C081DBFE5B62}"
EndProject
Project("{9A19103F-16F7-4668-BE54-9A1E7A4F7556}") = "API.Product", "API.Product\API.Product.csproj", "{7898235A-43BA-4679-AC77-3104A36023EC}"
EndProject
Project("{9A19103F-16F7-4668-BE54-9A1E7A4F7556}") = "API.Auth", "API.Auth\API.Auth.csproj", "{31DC7242-C2F2-40B5-9813-52C41F38F6FB}"
EndProject
Project("{9A19103F-16F7-4668-BE54-9A1E7A4F7556}") = "Core", "Core\Core.csproj", "{120C5415-0552-4EF0-B918-B600907C725A}"
EndProject
Project("{9A19103F-16F7-4668-BE54-9A1E7A4F7556}") = "Data", "Data\Data.csproj", "{372F2921-07C3-4FBC-9F6F-2FF5C00CAF94}"
EndProject
Project("{9A19103F-16F7-4668-BE54-9A1E7A4F7556}") = "Service", "Service\Service.csproj", "{A4973EDF-E06F-4C36-9F3B-170F71F8EA39}"
EndProject
Project("{9A19103F-16F7-4668-BE54-9A1E7A4F7556}") = "UI", "UI\UI.csproj", "{6D181522-1E6C-43C0-A9BD-F249343A9E69}"
EndProject
Project("{9A19103F-16F7-4668-BE54-9A1E7A4F7556}") = "API.ProductInvoice", "API.ProductInvoice\API.ProductInvoice.csproj", "{806F5111-0096-4871-A1F0-347B2B9B8D1C}"
EndProject
Global
	GlobalSection(SolutionConfigurationPlatforms) = preSolution
		Debug|Any CPU = Debug|Any CPU
		Release|Any CPU = Release|Any CPU
	EndGlobalSection
	GlobalSection(ProjectConfigurationPlatforms) = postSolution
		{15BDF531-73DD-4B9F-B214-C081DBFE5B62}.Debug|Any CPU.ActiveCfg = Debug|Any CPU
		{15BDF531-73DD-4B9F-B214-C081DBFE5B62}.Debug|Any CPU.Build.0 = Debug|Any CPU
		{15BDF531-73DD-4B9F-B214-C081DBFE5B62}.Release|Any CPU.ActiveCfg = Release|Any CPU
		{15BDF531-73DD-4B9F-B214-C081DBFE5B62}.Release|Any CPU.Build.0 = Release|Any CPU
		{7898235A-43BA-4679-AC77-3104A36023EC}.Debug|Any CPU.ActiveCfg = Debug|Any CPU
		{7898235A-43BA-4679-AC77-3104A36023EC}.Debug|Any CPU.Build.0 = Debug|Any CPU
		{7898235A-43BA-4679-AC77-3104A36023EC}.Release|Any CPU.ActiveCfg = Release|Any CPU
		{7898235A-43BA-4679-AC77-3104A36023EC}.Release|Any CPU.Build.0 = Release|Any CPU
		{31DC7242-C2F2-40B5-9813-52C41F38F6FB}.Debug|Any CPU.ActiveCfg = Debug|Any CPU
		{31DC7242-C2F2-40B5-9813-52C41F38F6FB}.Debug|Any CPU.Build.0 = Debug|Any CPU
		{31DC7242-C2F2-40B5-9813-52C41F38F6FB}.Release|Any CPU.ActiveCfg = Release|Any CPU
		{31DC7242-C2F2-40B5-9813-52C41F38F6FB}.Release|Any CPU.Build.0 = Release|Any CPU
		{120C5415-0552-4EF0-B918-B600907C725A}.Debug|Any CPU.ActiveCfg = Debug|Any CPU
		{120C5415-0552-4EF0-B918-B600907C725A}.Debug|Any CPU.Build.0 = Debug|Any CPU
		{120C5415-0552-4EF0-B918-B600907C725A}.Release|Any CPU.ActiveCfg = Release|Any CPU
		{120C5415-0552-4EF0-B918-B600907C725A}.Release|Any CPU.Build.0 = Release|Any CPU
		{372F2921-07C3-4FBC-9F6F-2FF5C00CAF94}.Debug|Any CPU.ActiveCfg = Debug|Any CPU
		{372F2921-07C3-4FBC-9F6F-2FF5C00CAF94}.Debug|Any CPU.Build.0 = Debug|Any CPU
		{372F2921-07C3-4FBC-9F6F-2FF5C00CAF94}.Release|Any CPU.ActiveCfg = Release|Any CPU
		{372F2921-07C3-4FBC-9F6F-2FF5C00CAF94}.Release|Any CPU.Build.0 = Release|Any CPU
		{A4973EDF-E06F-4C36-9F3B-170F71F8EA39}.Debug|Any CPU.ActiveCfg = Debug|Any CPU
		{A4973EDF-E06F-4C36-9F3B-170F71F8EA39}.Debug|Any CPU.Build.0 = Debug|Any CPU
		{A4973EDF-E06F-4C36-9F3B-170F71F8EA39}.Release|Any CPU.ActiveCfg = Release|Any CPU
		{A4973EDF-E06F-4C36-9F3B-170F71F8EA39}.Release|Any CPU.Build.0 = Release|Any CPU
		{6D181522-1E6C-43C0-A9BD-F249343A9E69}.Debug|Any CPU.ActiveCfg = Debug|Any CPU
		{6D181522-1E6C-43C0-A9BD-F249343A9E69}.Debug|Any CPU.Build.0 = Debug|Any CPU
		{6D181522-1E6C-43C0-A9BD-F249343A9E69}.Release|Any CPU.ActiveCfg = Release|Any CPU
		{6D181522-1E6C-43C0-A9BD-F249343A9E69}.Release|Any CPU.Build.0 = Release|Any CPU
		{806F5111-0096-4871-A1F0-347B2B9B8D1C}.Debug|Any CPU.ActiveCfg = Debug|Any CPU
		{806F5111-0096-4871-A1F0-347B2B9B8D1C}.Debug|Any CPU.Build.0 = Debug|Any CPU
		{806F5111-0096-4871-A1F0-347B2B9B8D1C}.Release|Any CPU.ActiveCfg = Release|Any CPU
		{806F5111-0096-4871-A1F0-347B2B9B8D1C}.Release|Any CPU.Build.0 = Release|Any CPU
	EndGlobalSection
	GlobalSection(SolutionProperties) = preSolution
		HideSolutionNode = FALSE
	EndGlobalSection
	GlobalSection(ExtensibilityGlobals) = postSolution
		SolutionGuid = {87D69905-236D-41DD-ADAE-663AB32AA976}
	EndGlobalSection
EndGlobal
